
Microsoft Visual Studio Solution File, Format Version 12.00
# Visual Studio Version 16
VisualStudioVersion = 16.0.29709.97
MinimumVisualStudioVersion = 10.0.40219.1
Project("{FAE04EC0-301F-11D3-BF4B-00C04F79EFBC}") = "TP1.UWP", "TP1\TP1.UWP\TP1.UWP.csproj", "{BE068F3A-DDDB-41C9-A825-515CC1D077B0}"
EndProject
Project("{FAE04EC0-301F-11D3-BF4B-00C04F79EFBC}") = "TP1.Android", "TP1\TP1.Android\TP1.Android.csproj", "{B823FF8E-3867-4A97-B301-0356AA30E061}"
EndProject
Project("{FAE04EC0-301F-11D3-BF4B-00C04F79EFBC}") = "TP1.iOS", "TP1\TP1.iOS\TP1.iOS.csproj", "{F6ED80F4-CC43-4914-AA54-16CB757CF4D9}"
EndProject
Project("{FAE04EC0-301F-11D3-BF4B-00C04F79EFBC}") = "TP1", "TP1\TP1\TP1.csproj", "{8ECCFD9E-4350-445A-B117-07A3A8F4FF91}"
EndProject
Global
	GlobalSection(SolutionConfigurationPlatforms) = preSolution
		Debug|Any CPU = Debug|Any CPU
		Debug|ARM = Debug|ARM
		Debug|iPhone = Debug|iPhone
		Debug|iPhoneSimulator = Debug|iPhoneSimulator
		Debug|x64 = Debug|x64
		Debug|x86 = Debug|x86
		Release|Any CPU = Release|Any CPU
		Release|ARM = Release|ARM
		Release|iPhone = Release|iPhone
		Release|iPhoneSimulator = Release|iPhoneSimulator
		Release|x64 = Release|x64
		Release|x86 = Release|x86
	EndGlobalSection
	GlobalSection(ProjectConfigurationPlatforms) = postSolution
		{BE068F3A-DDDB-41C9-A825-515CC1D077B0}.Debug|Any CPU.ActiveCfg = Debug|x86
		{BE068F3A-DDDB-41C9-A825-515CC1D077B0}.Debug|Any CPU.Build.0 = Debug|x86
		{BE068F3A-DDDB-41C9-A825-515CC1D077B0}.Debug|Any CPU.Deploy.0 = Debug|x86
		{BE068F3A-DDDB-41C9-A825-515CC1D077B0}.Debug|ARM.ActiveCfg = Debug|ARM
		{BE068F3A-DDDB-41C9-A825-515CC1D077B0}.Debug|ARM.Build.0 = Debug|ARM
		{BE068F3A-DDDB-41C9-A825-515CC1D077B0}.Debug|ARM.Deploy.0 = Debug|ARM
		{BE068F3A-DDDB-41C9-A825-515CC1D077B0}.Debug|iPhone.ActiveCfg = Debug|x86
		{BE068F3A-DDDB-41C9-A825-515CC1D077B0}.Debug|iPhone.Build.0 = Debug|x86
		{BE068F3A-DDDB-41C9-A825-515CC1D077B0}.Debug|iPhone.Deploy.0 = Debug|x86
		{BE068F3A-DDDB-41C9-A825-515CC1D077B0}.Debug|iPhoneSimulator.ActiveCfg = Debug|x86
		{BE068F3A-DDDB-41C9-A825-515CC1D077B0}.Debug|iPhoneSimulator.Build.0 = Debug|x86
		{BE068F3A-DDDB-41C9-A825-515CC1D077B0}.Debug|iPhoneSimulator.Deploy.0 = Debug|x86
		{BE068F3A-DDDB-41C9-A825-515CC1D077B0}.Debug|x64.ActiveCfg = Debug|x64
		{BE068F3A-DDDB-41C9-A825-515CC1D077B0}.Debug|x64.Build.0 = Debug|x64
		{BE068F3A-DDDB-41C9-A825-515CC1D077B0}.Debug|x64.Deploy.0 = Debug|x64
		{BE068F3A-DDDB-41C9-A825-515CC1D077B0}.Debug|x86.ActiveCfg = Debug|x86
		{BE068F3A-DDDB-41C9-A825-515CC1D077B0}.Debug|x86.Build.0 = Debug|x86
		{BE068F3A-DDDB-41C9-A825-515CC1D077B0}.Debug|x86.Deploy.0 = Debug|x86
		{BE068F3A-DDDB-41C9-A825-515CC1D077B0}.Release|Any CPU.ActiveCfg = Release|x86
		{BE068F3A-DDDB-41C9-A825-515CC1D077B0}.Release|Any CPU.Build.0 = Release|x86
		{BE068F3A-DDDB-41C9-A825-515CC1D077B0}.Release|Any CPU.Deploy.0 = Release|x86
		{BE068F3A-DDDB-41C9-A825-515CC1D077B0}.Release|ARM.ActiveCfg = Release|ARM
		{BE068F3A-DDDB-41C9-A825-515CC1D077B0}.Release|ARM.Build.0 = Release|ARM
		{BE068F3A-DDDB-41C9-A825-515CC1D077B0}.Release|ARM.Deploy.0 = Release|ARM
		{BE068F3A-DDDB-41C9-A825-515CC1D077B0}.Release|iPhone.ActiveCfg = Release|x86
		{BE068F3A-DDDB-41C9-A825-515CC1D077B0}.Release|iPhone.Build.0 = Release|x86
		{BE068F3A-DDDB-41C9-A825-515CC1D077B0}.Release|iPhone.Deploy.0 = Release|x86
		{BE068F3A-DDDB-41C9-A825-515CC1D077B0}.Release|iPhoneSimulator.ActiveCfg = Release|x86
		{BE068F3A-DDDB-41C9-A825-515CC1D077B0}.Release|iPhoneSimulator.Build.0 = Release|x86
		{BE068F3A-DDDB-41C9-A825-515CC1D077B0}.Release|iPhoneSimulator.Deploy.0 = Release|x86
		{BE068F3A-DDDB-41C9-A825-515CC1D077B0}.Release|x64.ActiveCfg = Release|x64
		{BE068F3A-DDDB-41C9-A825-515CC1D077B0}.Release|x64.Build.0 = Release|x64
		{BE068F3A-DDDB-41C9-A825-515CC1D077B0}.Release|x64.Deploy.0 = Release|x64
		{BE068F3A-DDDB-41C9-A825-515CC1D077B0}.Release|x86.ActiveCfg = Release|x86
		{BE068F3A-DDDB-41C9-A825-515CC1D077B0}.Release|x86.Build.0 = Release|x86
		{BE068F3A-DDDB-41C9-A825-515CC1D077B0}.Release|x86.Deploy.0 = Release|x86
		{B823FF8E-3867-4A97-B301-0356AA30E061}.Debug|Any CPU.ActiveCfg = Debug|Any CPU
		{B823FF8E-3867-4A97-B301-0356AA30E061}.Debug|Any CPU.Build.0 = Debug|Any CPU
		{B823FF8E-3867-4A97-B301-0356AA30E061}.Debug|Any CPU.Deploy.0 = Debug|Any CPU
		{B823FF8E-3867-4A97-B301-0356AA30E061}.Debug|ARM.ActiveCfg = Debug|Any CPU
		{B823FF8E-3867-4A97-B301-0356AA30E061}.Debug|ARM.Build.0 = Debug|Any CPU
		{B823FF8E-3867-4A97-B301-0356AA30E061}.Debug|ARM.Deploy.0 = Debug|Any CPU
		{B823FF8E-3867-4A97-B301-0356AA30E061}.Debug|iPhone.ActiveCfg = Debug|Any CPU
		{B823FF8E-3867-4A97-B301-0356AA30E061}.Debug|iPhone.Build.0 = Debug|Any CPU
		{B823FF8E-3867-4A97-B301-0356AA30E061}.Debug|iPhone.Deploy.0 = Debug|Any CPU
		{B823FF8E-3867-4A97-B301-0356AA30E061}.Debug|iPhoneSimulator.ActiveCfg = Debug|Any CPU
		{B823FF8E-3867-4A97-B301-0356AA30E061}.Debug|iPhoneSimulator.Build.0 = Debug|Any CPU
		{B823FF8E-3867-4A97-B301-0356AA30E061}.Debug|iPhoneSimulator.Deploy.0 = Debug|Any CPU
		{B823FF8E-3867-4A97-B301-0356AA30E061}.Debug|x64.ActiveCfg = Debug|Any CPU
		{B823FF8E-3867-4A97-B301-0356AA30E061}.Debug|x64.Build.0 = Debug|Any CPU
		{B823FF8E-3867-4A97-B301-0356AA30E061}.Debug|x64.Deploy.0 = Debug|Any CPU
		{B823FF8E-3867-4A97-B301-0356AA30E061}.Debug|x86.ActiveCfg = Debug|Any CPU
		{B823FF8E-3867-4A97-B301-0356AA30E061}.Debug|x86.Build.0 = Debug|Any CPU
		{B823FF8E-3867-4A97-B301-0356AA30E061}.Debug|x86.Deploy.0 = Debug|Any CPU
		{B823FF8E-3867-4A97-B301-0356AA30E061}.Release|Any CPU.ActiveCfg = Release|Any CPU
		{B823FF8E-3867-4A97-B301-0356AA30E061}.Release|Any CPU.Build.0 = Release|Any CPU
		{B823FF8E-3867-4A97-B301-0356AA30E061}.Release|Any CPU.Deploy.0 = Release|Any CPU
		{B823FF8E-3867-4A97-B301-0356AA30E061}.Release|ARM.ActiveCfg = Release|Any CPU
		{B823FF8E-3867-4A97-B301-0356AA30E061}.Release|ARM.Build.0 = Release|Any CPU
		{B823FF8E-3867-4A97-B301-0356AA30E061}.Release|ARM.Deploy.0 = Release|Any CPU
		{B823FF8E-3867-4A97-B301-0356AA30E061}.Release|iPhone.ActiveCfg = Release|Any CPU
		{B823FF8E-3867-4A97-B301-0356AA30E061}.Release|iPhone.Build.0 = Release|Any CPU
		{B823FF8E-3867-4A97-B301-0356AA30E061}.Release|iPhone.Deploy.0 = Release|Any CPU
		{B823FF8E-3867-4A97-B301-0356AA30E061}.Release|iPhoneSimulator.ActiveCfg = Release|Any CPU
		{B823FF8E-3867-4A97-B301-0356AA30E061}.Release|iPhoneSimulator.Build.0 = Release|Any CPU
		{B823FF8E-3867-4A97-B301-0356AA30E061}.Release|iPhoneSimulator.Deploy.0 = Release|Any CPU
		{B823FF8E-3867-4A97-B301-0356AA30E061}.Release|x64.ActiveCfg = Release|Any CPU
		{B823FF8E-3867-4A97-B301-0356AA30E061}.Release|x64.Build.0 = Release|Any CPU
		{B823FF8E-3867-4A97-B301-0356AA30E061}.Release|x64.Deploy.0 = Release|Any CPU
		{B823FF8E-3867-4A97-B301-0356AA30E061}.Release|x86.ActiveCfg = Release|Any CPU
		{B823FF8E-3867-4A97-B301-0356AA30E061}.Release|x86.Build.0 = Release|Any CPU
		{B823FF8E-3867-4A97-B301-0356AA30E061}.Release|x86.Deploy.0 = Release|Any CPU
		{F6ED80F4-CC43-4914-AA54-16CB757CF4D9}.Debug|Any CPU.ActiveCfg = Debug|iPhone
		{F6ED80F4-CC43-4914-AA54-16CB757CF4D9}.Debug|Any CPU.Build.0 = Debug|iPhone
		{F6ED80F4-CC43-4914-AA54-16CB757CF4D9}.Debug|Any CPU.Deploy.0 = Debug|iPhone
		{F6ED80F4-CC43-4914-AA54-16CB757CF4D9}.Debug|ARM.ActiveCfg = Debug|iPhoneSimulator
		{F6ED80F4-CC43-4914-AA54-16CB757CF4D9}.Debug|ARM.Build.0 = Debug|iPhoneSimulator
		{F6ED80F4-CC43-4914-AA54-16CB757CF4D9}.Debug|ARM.Deploy.0 = Debug|iPhoneSimulator
		{F6ED80F4-CC43-4914-AA54-16CB757CF4D9}.Debug|iPhone.ActiveCfg = Debug|iPhone
		{F6ED80F4-CC43-4914-AA54-16CB757CF4D9}.Debug|iPhone.Build.0 = Debug|iPhone
		{F6ED80F4-CC43-4914-AA54-16CB757CF4D9}.Debug|iPhone.Deploy.0 = Debug|iPhone
		{F6ED80F4-CC43-4914-AA54-16CB757CF4D9}.Debug|iPhoneSimulator.ActiveCfg = Debug|iPhoneSimulator
		{F6ED80F4-CC43-4914-AA54-16CB757CF4D9}.Debug|iPhoneSimulator.Build.0 = Debug|iPhoneSimulator
		{F6ED80F4-CC43-4914-AA54-16CB757CF4D9}.Debug|iPhoneSimulator.Deploy.0 = Debug|iPhoneSimulator
		{F6ED80F4-CC43-4914-AA54-16CB757CF4D9}.Debug|x64.ActiveCfg = Debug|iPhone
		{F6ED80F4-CC43-4914-AA54-16CB757CF4D9}.Debug|x64.Build.0 = Debug|iPhone
		{F6ED80F4-CC43-4914-AA54-16CB757CF4D9}.Debug|x64.Deploy.0 = Debug|iPhone
		{F6ED80F4-CC43-4914-AA54-16CB757CF4D9}.Debug|x86.ActiveCfg = Debug|iPhone
		{F6ED80F4-CC43-4914-AA54-16CB757CF4D9}.Debug|x86.Build.0 = Debug|iPhone
		{F6ED80F4-CC43-4914-AA54-16CB757CF4D9}.Debug|x86.Deploy.0 = Debug|iPhone
		{F6ED80F4-CC43-4914-AA54-16CB757CF4D9}.Release|Any CPU.ActiveCfg = Release|iPhone
		{F6ED80F4-CC43-4914-AA54-16CB757CF4D9}.Release|Any CPU.Build.0 = Release|iPhone
		{F6ED80F4-CC43-4914-AA54-16CB757CF4D9}.Release|Any CPU.Deploy.0 = Release|iPhone
		{F6ED80F4-CC43-4914-AA54-16CB757CF4D9}.Release|ARM.ActiveCfg = Release|iPhone
		{F6ED80F4-CC43-4914-AA54-16CB757CF4D9}.Release|ARM.Build.0 = Release|iPhone
		{F6ED80F4-CC43-4914-AA54-16CB757CF4D9}.Release|ARM.Deploy.0 = Release|iPhone
		{F6ED80F4-CC43-4914-AA54-16CB757CF4D9}.Release|iPhone.ActiveCfg = Release|iPhone
		{F6ED80F4-CC43-4914-AA54-16CB757CF4D9}.Release|iPhone.Build.0 = Release|iPhone
		{F6ED80F4-CC43-4914-AA54-16CB757CF4D9}.Release|iPhone.Deploy.0 = Release|iPhone
		{F6ED80F4-CC43-4914-AA54-16CB757CF4D9}.Release|iPhoneSimulator.ActiveCfg = Release|iPhoneSimulator
		{F6ED80F4-CC43-4914-AA54-16CB757CF4D9}.Release|iPhoneSimulator.Build.0 = Release|iPhoneSimulator
		{F6ED80F4-CC43-4914-AA54-16CB757CF4D9}.Release|iPhoneSimulator.Deploy.0 = Release|iPhoneSimulator
		{F6ED80F4-CC43-4914-AA54-16CB757CF4D9}.Release|x64.ActiveCfg = Release|iPhone
		{F6ED80F4-CC43-4914-AA54-16CB757CF4D9}.Release|x64.Build.0 = Release|iPhone
		{F6ED80F4-CC43-4914-AA54-16CB757CF4D9}.Release|x64.Deploy.0 = Release|iPhone
		{F6ED80F4-CC43-4914-AA54-16CB757CF4D9}.Release|x86.ActiveCfg = Release|iPhone
		{F6ED80F4-CC43-4914-AA54-16CB757CF4D9}.Release|x86.Build.0 = Release|iPhone
		{F6ED80F4-CC43-4914-AA54-16CB757CF4D9}.Release|x86.Deploy.0 = Release|iPhone
		{8ECCFD9E-4350-445A-B117-07A3A8F4FF91}.Debug|Any CPU.ActiveCfg = Debug|Any CPU
		{8ECCFD9E-4350-445A-B117-07A3A8F4FF91}.Debug|Any CPU.Build.0 = Debug|Any CPU
		{8ECCFD9E-4350-445A-B117-07A3A8F4FF91}.Debug|Any CPU.Deploy.0 = Debug|Any CPU
		{8ECCFD9E-4350-445A-B117-07A3A8F4FF91}.Debug|ARM.ActiveCfg = Debug|Any CPU
		{8ECCFD9E-4350-445A-B117-07A3A8F4FF91}.Debug|ARM.Build.0 = Debug|Any CPU
		{8ECCFD9E-4350-445A-B117-07A3A8F4FF91}.Debug|ARM.Deploy.0 = Debug|Any CPU
		{8ECCFD9E-4350-445A-B117-07A3A8F4FF91}.Debug|iPhone.ActiveCfg = Debug|Any CPU
		{8ECCFD9E-4350-445A-B117-07A3A8F4FF91}.Debug|iPhone.Build.0 = Debug|Any CPU
		{8ECCFD9E-4350-445A-B117-07A3A8F4FF91}.Debug|iPhone.Deploy.0 = Debug|Any CPU
		{8ECCFD9E-4350-445A-B117-07A3A8F4FF91}.Debug|iPhoneSimulator.ActiveCfg = Debug|Any CPU
		{8ECCFD9E-4350-445A-B117-07A3A8F4FF91}.Debug|iPhoneSimulator.Build.0 = Debug|Any CPU
		{8ECCFD9E-4350-445A-B117-07A3A8F4FF91}.Debug|iPhoneSimulator.Deploy.0 = Debug|Any CPU
		{8ECCFD9E-4350-445A-B117-07A3A8F4FF91}.Debug|x64.ActiveCfg = Debug|Any CPU
		{8ECCFD9E-4350-445A-B117-07A3A8F4FF91}.Debug|x64.Build.0 = Debug|Any CPU
		{8ECCFD9E-4350-445A-B117-07A3A8F4FF91}.Debug|x64.Deploy.0 = Debug|Any CPU
		{8ECCFD9E-4350-445A-B117-07A3A8F4FF91}.Debug|x86.ActiveCfg = Debug|Any CPU
		{8ECCFD9E-4350-445A-B117-07A3A8F4FF91}.Debug|x86.Build.0 = Debug|Any CPU
		{8ECCFD9E-4350-445A-B117-07A3A8F4FF91}.Debug|x86.Deploy.0 = Debug|Any CPU
		{8ECCFD9E-4350-445A-B117-07A3A8F4FF91}.Release|Any CPU.ActiveCfg = Release|Any CPU
		{8ECCFD9E-4350-445A-B117-07A3A8F4FF91}.Release|Any CPU.Build.0 = Release|Any CPU
		{8ECCFD9E-4350-445A-B117-07A3A8F4FF91}.Release|Any CPU.Deploy.0 = Release|Any CPU
		{8ECCFD9E-4350-445A-B117-07A3A8F4FF91}.Release|ARM.ActiveCfg = Release|Any CPU
		{8ECCFD9E-4350-445A-B117-07A3A8F4FF91}.Release|ARM.Build.0 = Release|Any CPU
		{8ECCFD9E-4350-445A-B117-07A3A8F4FF91}.Release|ARM.Deploy.0 = Release|Any CPU
		{8ECCFD9E-4350-445A-B117-07A3A8F4FF91}.Release|iPhone.ActiveCfg = Release|Any CPU
		{8ECCFD9E-4350-445A-B117-07A3A8F4FF91}.Release|iPhone.Build.0 = Release|Any CPU
		{8ECCFD9E-4350-445A-B117-07A3A8F4FF91}.Release|iPhone.Deploy.0 = Release|Any CPU
		{8ECCFD9E-4350-445A-B117-07A3A8F4FF91}.Release|iPhoneSimulator.ActiveCfg = Release|Any CPU
		{8ECCFD9E-4350-445A-B117-07A3A8F4FF91}.Release|iPhoneSimulator.Build.0 = Release|Any CPU
		{8ECCFD9E-4350-445A-B117-07A3A8F4FF91}.Release|iPhoneSimulator.Deploy.0 = Release|Any CPU
		{8ECCFD9E-4350-445A-B117-07A3A8F4FF91}.Release|x64.ActiveCfg = Release|Any CPU
		{8ECCFD9E-4350-445A-B117-07A3A8F4FF91}.Release|x64.Build.0 = Release|Any CPU
		{8ECCFD9E-4350-445A-B117-07A3A8F4FF91}.Release|x64.Deploy.0 = Release|Any CPU
		{8ECCFD9E-4350-445A-B117-07A3A8F4FF91}.Release|x86.ActiveCfg = Release|Any CPU
		{8ECCFD9E-4350-445A-B117-07A3A8F4FF91}.Release|x86.Build.0 = Release|Any CPU
		{8ECCFD9E-4350-445A-B117-07A3A8F4FF91}.Release|x86.Deploy.0 = Release|Any CPU
	EndGlobalSection
	GlobalSection(SolutionProperties) = preSolution
		HideSolutionNode = FALSE
	EndGlobalSection
	GlobalSection(ExtensibilityGlobals) = postSolution
		SolutionGuid = {960B3178-9CE7-4C5C-937E-9BCF787DC4BA}
	EndGlobalSection
EndGlobal
